Microsoft Visual Studio Solution File, Format Version 12.00
# Visual Studio Version 17
VisualStudioVersion = 17.5.2.0
MinimumVisualStudioVersion = 10.0.40219.1
Project("{FAE04EC0-301F-11D3-BF4B-00C04F79EFBC}") = "TWTodoList", "TWTodoList\TWTodoList.csproj", "{754EC16E-0A13-9AC1-FC5D-7FCDEF09BC15}"
EndProject
Global
	GlobalSection(SolutionConfigurationPlatforms) = preSolution
		Debug|Any CPU = Debug|Any CPU
		Release|Any CPU = Release|Any CPU
	EndGlobalSection
	GlobalSection(ProjectConfigurationPlatforms) = postSolution
		{754EC16E-0A13-9AC1-FC5D-7FCDEF09BC15}.Debug|Any CPU.ActiveCfg = Debug|Any CPU
		{754EC16E-0A13-9AC1-FC5D-7FCDEF09BC15}.Debug|Any CPU.Build.0 = Debug|Any CPU
		{754EC16E-0A13-9AC1-FC5D-7FCDEF09BC15}.Release|Any CPU.ActiveCfg = Release|Any CPU
		{754EC16E-0A13-9AC1-FC5D-7FCDEF09BC15}.Release|Any CPU.Build.0 = Release|Any CPU
	EndGlobalSection
	GlobalSection(SolutionProperties) = preSolution
		HideSolutionNode = FALSE
	EndGlobalSection
	GlobalSection(ExtensibilityGlobals) = postSolution
		SolutionGuid = {C3AC3979-7E81-443E-9FF3-346A71FA08E4}
	EndGlobalSection
EndGlobal
